// !$*UTF8*$!
{
	archiveVersion = 1;
	classes = {
	};
	objectVersion = 56;
	objects = {

/* Begin PBXBuildFile section */
		BBDDB8F929084613000DC90B /* MyBlogApp.swift in Sources */ = {isa = PBXBuildFile; fileRef = BBDDB8F829084613000DC90B /* MyBlogApp.swift */; };
		BBDDB8FB29084613000DC90B /* ContentView.swift in Sources */ = {isa = PBXBuildFile; fileRef = BBDDB8FA29084613000DC90B /* ContentView.swift */; };
		BBDDB8FD29084614000DC90B /* Assets.xcassets in Resources */ = {isa = PBXBuildFile; fileRef = BBDDB8FC29084614000DC90B /* Assets.xcassets */; };
		BBDDB90129084614000DC90B /* Preview Assets.xcassets in Resources */ = {isa = PBXBuildFile; fileRef = BBDDB90029084614000DC90B /* Preview Assets.xcassets */; };
		BBDDB90929084652000DC90B /* Contentful in Frameworks */ = {isa = PBXBuildFile; productRef = BBDDB90829084652000DC90B /* Contentful */; };
		BBDDB90C29084687000DC90B /* SDWebImageSwiftUI in Frameworks */ = {isa = PBXBuildFile; productRef = BBDDB90B29084687000DC90B /* SDWebImageSwiftUI */; };
		BBDDB90E290846D0000DC90B /* BlogPost.swift in Sources */ = {isa = PBXBuildFile; fileRef = BBDDB90D290846D0000DC90B /* BlogPost.swift */; };
		BBDDB910290846FE000DC90B /* ContentfulFunc.swift in Sources */ = {isa = PBXBuildFile; fileRef = BBDDB90F290846FE000DC90B /* ContentfulFunc.swift */; };
		BBDDB9122908503A000DC90B /* BlogPostStore.swift in Sources */ = {isa = PBXBuildFile; fileRef = BBDDB9112908503A000DC90B /* BlogPostStore.swift */; };
		BBDDB91429085066000DC90B /* HexColorExtention.swift in Sources */ = {isa = PBXBuildFile; fileRef = BBDDB91329085066000DC90B /* HexColorExtention.swift */; };
		BBDDB916290850FA000DC90B /* BlogPostCardMain.swift in Sources */ = {isa = PBXBuildFile; fileRef = BBDDB915290850FA000DC90B /* BlogPostCardMain.swift */; };
		BBDDB918290852CC000DC90B /* BlogPostCardList.swift in Sources */ = {isa = PBXBuildFile; fileRef = BBDDB917290852CC000DC90B /* BlogPostCardList.swift */; };
		BBDDB91A29085329000DC90B /* BlogPostDetail.swift in Sources */ = {isa = PBXBuildFile; fileRef = BBDDB91929085329000DC90B /* BlogPostDetail.swift */; };
		BBDDB91C2908665E000DC90B /* MainView.swift in Sources */ = {isa = PBXBuildFile; fileRef = BBDDB91B2908665E000DC90B /* MainView.swift */; };
/* End PBXBuildFile section */

/* Begin PBXFileReference section */
		BBDDB8F529084613000DC90B /* MyBlog.app */ = {isa = PBXFileReference; explicitFileType = wrapper.application; includeInIndex = 0; path = MyBlog.app; sourceTree = BUILT_PRODUCTS_DIR; };
		BBDDB8F829084613000DC90B /* MyBlogApp.swift */ = {isa = PBXFileReference; lastKnownFileType = sourcecode.swift; path = MyBlogApp.swift; sourceTree = "<group>"; };
		BBDDB8FA29084613000DC90B /* ContentView.swift */ = {isa = PBXFileReference; lastKnownFileType = sourcecode.swift; path = ContentView.swift; sourceTree = "<group>"; };
		BBDDB8FC29084614000DC90B /* Assets.xcassets */ = {isa = PBXFileReference; lastKnownFileType = folder.assetcatalog; path = Assets.xcassets; sourceTree = "<group>"; };
		BBDDB8FE29084614000DC90B /* MyBlog.entitlements */ = {isa = PBXFileReference; lastKnownFileType = text.plist.entitlements; path = MyBlog.entitlements; sourceTree = "<group>"; };
		BBDDB90029084614000DC90B /* Preview Assets.xcassets */ = {isa = PBXFileReference; lastKnownFileType = folder.assetcatalog; path = "Preview Assets.xcassets"; sourceTree = "<group>"; };
		BBDDB90D290846D0000DC90B /* BlogPost.swift */ = {isa = PBXFileReference; lastKnownFileType = sourcecode.swift; path = BlogPost.swift; sourceTree = "<group>"; };
		BBDDB90F290846FE000DC90B /* ContentfulFunc.swift */ = {isa = PBXFileReference; lastKnownFileType = sourcecode.swift; path = ContentfulFunc.swift; sourceTree = "<group>"; };
		BBDDB9112908503A000DC90B /* BlogPostStore.swift */ = {isa = PBXFileReference; lastKnownFileType = sourcecode.swift; path = BlogPostStore.swift; sourceTree = "<group>"; };
		BBDDB91329085066000DC90B /* HexColorExtention.swift */ = {isa = PBXFileReference; lastKnownFileType = sourcecode.swift; path = HexColorExtention.swift; sourceTree = "<group>"; };
		BBDDB915290850FA000DC90B /* BlogPostCardMain.swift */ = {isa = PBXFileReference; lastKnownFileType = sourcecode.swift; path = BlogPostCardMain.swift; sourceTree = "<group>"; };
		BBDDB917290852CC000DC90B /* BlogPostCardList.swift */ = {isa = PBXFileReference; lastKnownFileType = sourcecode.swift; path = BlogPostCardList.swift; sourceTree = "<group>"; };
		BBDDB91929085329000DC90B /* BlogPostDetail.swift */ = {isa = PBXFileReference; lastKnownFileType = sourcecode.swift; path = BlogPostDetail.swift; sourceTree = "<group>"; };
		BBDDB91B2908665E000DC90B /* MainView.swift */ = {isa = PBXFileReference; lastKnownFileType = sourcecode.swift; path = MainView.swift; sourceTree = "<group>"; };
/* End PBXFileReference section */

/* Begin PBXFrameworksBuildPhase section */
		BBDDB8F229084613000DC90B /* Frameworks */ = {
			isa = PBXFrameworksBuildPhase;
			buildActionMask = 2147483647;
			files = (
				BBDDB90C29084687000DC90B /* SDWebImageSwiftUI in Frameworks */,
				BBDDB90929084652000DC90B /* Contentful in Frameworks */,
			);
			runOnlyForDeploymentPostprocessing = 0;
		};
/* End PBXFrameworksBuildPhase section */

/* Begin PBXGroup section */
		BBDDB8EC29084612000DC90B = {
			isa = PBXGroup;
			children = (
				BBDDB8F729084613000DC90B /* MyBlog */,
				BBDDB8F629084613000DC90B /* Products */,
			);
			sourceTree = "<group>";
		};
		BBDDB8F629084613000DC90B /* Products */ = {
			isa = PBXGroup;
			children = (
				BBDDB8F529084613000DC90B /* MyBlog.app */,
			);
			name = Products;
			sourceTree = "<group>";
		};
		BBDDB8F729084613000DC90B /* MyBlog */ = {
			isa = PBXGroup;
			children = (
				BBDDB8F829084613000DC90B /* MyBlogApp.swift */,
				BBDDB8FA29084613000DC90B /* ContentView.swift */,
				BBDDB91329085066000DC90B /* HexColorExtention.swift */,
				BBDDB915290850FA000DC90B /* BlogPostCardMain.swift */,
				BBDDB91929085329000DC90B /* BlogPostDetail.swift */,
				BBDDB90D290846D0000DC90B /* BlogPost.swift */,
				BBDDB917290852CC000DC90B /* BlogPostCardList.swift */,
				BBDDB9112908503A000DC90B /* BlogPostStore.swift */,
				BBDDB91B2908665E000DC90B /* MainView.swift */,
				BBDDB90F290846FE000DC90B /* ContentfulFunc.swift */,
				BBDDB8FC29084614000DC90B /* Assets.xcassets */,
				BBDDB8FE29084614000DC90B /* MyBlog.entitlements */,
				BBDDB8FF29084614000DC90B /* Preview Content */,
			);
			path = MyBlog;
			sourceTree = "<group>";
		};
		BBDDB8FF29084614000DC90B /* Preview Content */ = {
			isa = PBXGroup;
			children = (
				BBDDB90029084614000DC90B /* Preview Assets.xcassets */,
			);
			path = "Preview Content";
			sourceTree = "<group>";
		};
/* End PBXGroup section */

/* Begin PBXNativeTarget section */
		BBDDB8F429084613000DC90B /* MyBlog */ = {
			isa = PBXNativeTarget;
			buildConfigurationList = BBDDB90429084614000DC90B /* Build configuration list for PBXNativeTarget "MyBlog" */;
			buildPhases = (
				BBDDB8F129084613000DC90B /* Sources */,
				BBDDB8F229084613000DC90B /* Frameworks */,
				BBDDB8F329084613000DC90B /* Resources */,
			);
			buildRules = (
			);
			dependencies = (
			);
			name = MyBlog;
			packageProductDependencies = (
				BBDDB90829084652000DC90B /* Contentful */,
				BBDDB90B29084687000DC90B /* SDWebImageSwiftUI */,
			);
			productName = MyBlog;
			productReference = BBDDB8F529084613000DC90B /* MyBlog.app */;
			productType = "com.apple.product-type.application";
		};
/* End PBXNativeTarget section */

/* Begin PBXProject section */
		BBDDB8ED29084612000DC90B /* Project object */ = {
			isa = PBXProject;
			attributes = {
				BuildIndependentTargetsInParallel = 1;
				LastSwiftUpdateCheck = 1400;
				LastUpgradeCheck = 1400;
				TargetAttributes = {
					BBDDB8F429084613000DC90B = {
						CreatedOnToolsVersion = 14.0.1;
					};
				};
			};
			buildConfigurationList = BBDDB8F029084612000DC90B /* Build configuration list for PBXProject "MyBlog" */;
			compatibilityVersion = "Xcode 14.0";
			developmentRegion = en;
			hasScannedForEncodings = 0;
			knownRegions = (
				en,
				Base,
			);
			mainGroup = BBDDB8EC29084612000DC90B;
			packageReferences = (
				BBDDB90729084652000DC90B /* XCRemoteSwiftPackageReference "contentful" */,
				BBDDB90A29084687000DC90B /* XCRemoteSwiftPackageReference "SDWebImageSwiftUI" */,
			);
			productRefGroup = BBDDB8F629084613000DC90B /* Products */;
			projectDirPath = "";
			projectRoot = "";
			targets = (
				BBDDB8F429084613000DC90B /* MyBlog */,
			);
		};
/* End PBXProject section */

/* Begin PBXResourcesBuildPhase section */
		BBDDB8F329084613000DC90B /* Resources */ = {
			isa = PBXResourcesBuildPhase;
			buildActionMask = 2147483647;
			files = (
				BBDDB90129084614000DC90B /* Preview Assets.xcassets in Resources */,
				BBDDB8FD29084614000DC90B /* Assets.xcassets in Resources */,
			);
			runOnlyForDeploymentPostprocessing = 0;
		};
/* End PBXResourcesBuildPhase section */

/* Begin PBXSourcesBuildPhase section */
		BBDDB8F129084613000DC90B /* Sources */ = {
			isa = PBXSourcesBuildPhase;
			buildActionMask = 2147483647;
			files = (
				BBDDB90E290846D0000DC90B /* BlogPost.swift in Sources */,
				BBDDB91A29085329000DC90B /* BlogPostDetail.swift in Sources */,
				BBDDB918290852CC000DC90B /* BlogPostCardList.swift in Sources */,
				BBDDB91C2908665E000DC90B /* MainView.swift in Sources */,
				BBDDB9122908503A000DC90B /* BlogPostStore.swift in Sources */,
				BBDDB910290846FE000DC90B /* ContentfulFunc.swift in Sources */,
				BBDDB8FB29084613000DC90B /* ContentView.swift in Sources */,
				BBDDB916290850FA000DC90B /* BlogPostCardMain.swift in Sources */,
				BBDDB91429085066000DC90B /* HexColorExtention.swift in Sources */,
				BBDDB8F929084613000DC90B /* MyBlogApp.swift in Sources */,
			);
			runOnlyForDeploymentPostprocessing = 0;
		};
/* End PBXSourcesBuildPhase section */

/* Begin XCBuildConfiguration section */
		BBDDB90229084614000DC90B /* Debug */ = {
			isa = XCBuildConfiguration;
			buildSettings = {
				ALWAYS_SEARCH_USER_PATHS = NO;
				CLANG_ANALYZER_NONNULL = YES;
				CLANG_ANALYZER_NUMBER_OBJECT_CONVERSION = YES_AGGRESSIVE;
				CLANG_CXX_LANGUAGE_STANDARD = "gnu++20";
				CLANG_ENABLE_MODULES = YES;
				CLANG_ENABLE_OBJC_ARC = YES;
				CLANG_ENABLE_OBJC_WEAK = YES;
				CLANG_WARN_BLOCK_CAPTURE_AUTORELEASING = YES;
				CLANG_WARN_BOOL_CONVERSION = YES;
				CLANG_WARN_COMMA = YES;
				CLANG_WARN_CONSTANT_CONVERSION = YES;
				CLANG_WARN_DEPRECATED_OBJC_IMPLEMENTATIONS = YES;
				CLANG_WARN_DIRECT_OBJC_ISA_USAGE = YES_ERROR;
				CLANG_WARN_DOCUMENTATION_COMMENTS = YES;
				CLANG_WARN_EMPTY_BODY = YES;
				CLANG_WARN_ENUM_CONVERSION = YES;
				CLANG_WARN_INFINITE_RECURSION = YES;
				CLANG_WARN_INT_CONVERSION = YES;
				CLANG_WARN_NON_LITERAL_NULL_CONVERSION = YES;
				CLANG_WARN_OBJC_IMPLICIT_RETAIN_SELF = YES;
				CLANG_WARN_OBJC_LITERAL_CONVERSION = YES;
				CLANG_WARN_OBJC_ROOT_CLASS = YES_ERROR;
				CLANG_WARN_QUOTED_INCLUDE_IN_FRAMEWORK_HEADER = YES;
				CLANG_WARN_RANGE_LOOP_ANALYSIS = YES;
				CLANG_WARN_STRICT_PROTOTYPES = YES;
				CLANG_WARN_SUSPICIOUS_MOVE = YES;
				CLANG_WARN_UNGUARDED_AVAILABILITY = YES_AGGRESSIVE;
				CLANG_WARN_UNREACHABLE_CODE = YES;
				CLANG_WARN__DUPLICATE_METHOD_MATCH = YES;
				COPY_PHASE_STRIP = NO;
				DEBUG_INFORMATION_FORMAT = dwarf;
				ENABLE_STRICT_OBJC_MSGSEND = YES;
				ENABLE_TESTABILITY = YES;
				GCC_C_LANGUAGE_STANDARD = gnu11;
				GCC_DYNAMIC_NO_PIC = NO;
				GCC_NO_COMMON_BLOCKS = YES;
				GCC_OPTIMIZATION_LEVEL = 0;
				GCC_PREPROCESSOR_DEFINITIONS = (
					"DEBUG=1",
					"$(inherited)",
				);
				GCC_WARN_64_TO_32_BIT_CONVERSION = YES;
				GCC_WARN_ABOUT_RETURN_TYPE = YES_ERROR;
				GCC_WARN_UNDECLARED_SELECTOR = YES;
				GCC_WARN_UNINITIALIZED_AUTOS = YES_AGGRESSIVE;
				GCC_WARN_UNUSED_FUNCTION = YES;
				GCC_WARN_UNUSED_VARIABLE = YES;
				MTL_ENABLE_DEBUG_INFO = INCLUDE_SOURCE;
				MTL_FAST_MATH = YES;
				ONLY_ACTIVE_ARCH = YES;
				SWIFT_ACTIVE_COMPILATION_CONDITIONS = DEBUG;
				SWIFT_OPTIMIZATION_LEVEL = "-Onone";
			};
			name = Debug;
		};
		BBDDB90329084614000DC90B /* Release */ = {
			isa = XCBuildConfiguration;
			buildSettings = {
				ALWAYS_SEARCH_USER_PATHS = NO;
				CLANG_ANALYZER_NONNULL = YES;
				CLANG_ANALYZER_NUMBER_OBJECT_CONVERSION = YES_AGGRESSIVE;
				CLANG_CXX_LANGUAGE_STANDARD = "gnu++20";
				CLANG_ENABLE_MODULES = YES;
				CLANG_ENABLE_OBJC_ARC = YES;
				CLANG_ENABLE_OBJC_WEAK = YES;
				CLANG_WARN_BLOCK_CAPTURE_AUTORELEASING = YES;
				CLANG_WARN_BOOL_CONVERSION = YES;
				CLANG_WARN_COMMA = YES;
				CLANG_WARN_CONSTANT_CONVERSION = YES;
				CLANG_WARN_DEPRECATED_OBJC_IMPLEMENTATIONS = YES;
				CLANG_WARN_DIRECT_OBJC_ISA_USAGE = YES_ERROR;
				CLANG_WARN_DOCUMENTATION_COMMENTS = YES;
				CLANG_WARN_EMPTY_BODY = YES;
				CLANG_WARN_ENUM_CONVERSION = YES;
				CLANG_WARN_INFINITE_RECURSION = YES;
				CLANG_WARN_INT_CONVERSION = YES;
				CLANG_WARN_NON_LITERAL_NULL_CONVERSION = YES;
				CLANG_WARN_OBJC_IMPLICIT_RETAIN_SELF = YES;
				CLANG_WARN_OBJC_LITERAL_CONVERSION = YES;
				CLANG_WARN_OBJC_ROOT_CLASS = YES_ERROR;
				CLANG_WARN_QUOTED_INCLUDE_IN_FRAMEWORK_HEADER = YES;
				CLANG_WARN_RANGE_LOOP_ANALYSIS = YES;
				CLANG_WARN_STRICT_PROTOTYPES = YES;
				CLANG_WARN_SUSPICIOUS_MOVE = YES;
				CLANG_WARN_UNGUARDED_AVAILABILITY = YES_AGGRESSIVE;
				CLANG_WARN_UNREACHABLE_CODE = YES;
				CLANG_WARN__DUPLICATE_METHOD_MATCH = YES;
				COPY_PHASE_STRIP = NO;
				DEBUG_INFORMATION_FORMAT = "dwarf-with-dsym";
				ENABLE_NS_ASSERTIONS = NO;
				ENABLE_STRICT_OBJC_MSGSEND = YES;
				GCC_C_LANGUAGE_STANDARD = gnu11;
				GCC_NO_COMMON_BLOCKS = YES;
				GCC_WARN_64_TO_32_BIT_CONVERSION = YES;
				GCC_WARN_ABOUT_RETURN_TYPE = YES_ERROR;
				GCC_WARN_UNDECLARED_SELECTOR = YES;
				GCC_WARN_UNINITIALIZED_AUTOS = YES_AGGRESSIVE;
				GCC_WARN_UNUSED_FUNCTION = YES;
				GCC_WARN_UNUSED_VARIABLE = YES;
				MTL_ENABLE_DEBUG_INFO = NO;
				MTL_FAST_MATH = YES;
				SWIFT_COMPILATION_MODE = wholemodule;
				SWIFT_OPTIMIZATION_LEVEL = "-O";
			};
			name = Release;
		};
		BBDDB90529084614000DC90B /* Debug */ = {
			isa = XCBuildConfiguration;
			buildSettings = {
				ASSETCATALOG_COMPILER_APPICON_NAME = AppIcon;
				ASSETCATALOG_COMPILER_GLOBAL_ACCENT_COLOR_NAME = AccentColor;
				CODE_SIGN_ENTITLEMENTS = MyBlog/MyBlog.entitlements;
				CODE_SIGN_STYLE = Automatic;
				CURRENT_PROJECT_VERSION = 1;
				DEVELOPMENT_ASSET_PATHS = "\"MyBlog/Preview Content\"";
				DEVELOPMENT_TEAM = F5SNH459WD;
				ENABLE_HARDENED_RUNTIME = YES;
				ENABLE_PREVIEWS = YES;
				GENERATE_INFOPLIST_FILE = YES;
				"INFOPLIST_KEY_UIApplicationSceneManifest_Generation[sdk=iphoneos*]" = YES;
				"INFOPLIST_KEY_UIApplicationSceneManifest_Generation[sdk=iphonesimulator*]" = YES;
				"INFOPLIST_KEY_UIApplicationSupportsIndirectInputEvents[sdk=iphoneos*]" = YES;
				"INFOPLIST_KEY_UIApplicationSupportsIndirectInputEvents[sdk=iphonesimulator*]" = YES;
				"INFOPLIST_KEY_UILaunchScreen_Generation[sdk=iphoneos*]" = YES;
				"INFOPLIST_KEY_UILaunchScreen_Generation[sdk=iphonesimulator*]" = YES;
				"INFOPLIST_KEY_UIStatusBarStyle[sdk=iphoneos*]" = UIStatusBarStyleDefault;
				"INFOPLIST_KEY_UIStatusBarStyle[sdk=iphonesimulator*]" = UIStatusBarStyleDefault;
				INFOPLIST_KEY_UISupportedInterfaceOrientations_iPad = "UIInterfaceOrientationPortrait UIInterfaceOrientationPortraitUpsideDown UIInterfaceOrientationLandscapeLeft UIInterfaceOrientationLandscapeRight";
				INFOPLIST_KEY_UISupportedInterfaceOrientations_iPhone = "UIInterfaceOrientationPortrait UIInterfaceOrientationLandscapeLeft UIInterfaceOrientationLandscapeRight";
				IPHONEOS_DEPLOYMENT_TARGET = 16.0;
				LD_RUNPATH_SEARCH_PATHS = "@executable_path/Frameworks";
				"LD_RUNPATH_SEARCH_PATHS[sdk=macosx*]" = "@executable_path/../Frameworks";
				MACOSX_DEPLOYMENT_TARGET = 12.3;
				MARKETING_VERSION = 1.0;
				PRODUCT_BUNDLE_IDENTIFIER = com.babyyoda777.MyBlog;
				PRODUCT_NAME = "$(TARGET_NAME)";
				SDKROOT = auto;
				SUPPORTED_PLATFORMS = "iphoneos iphonesimulator";
				SUPPORTS_MACCATALYST = NO;
				SUPPORTS_MAC_DESIGNED_FOR_IPHONE_IPAD = NO;
				SWIFT_EMIT_LOC_STRINGS = YES;
				SWIFT_VERSION = 5.0;
				TARGETED_DEVICE_FAMILY = "1,2";
			};
			name = Debug;
		};
		BBDDB90629084614000DC90B /* Release */ = {
			isa = XCBuildConfiguration;
			buildSettings = {
				ASSETCATALOG_COMPILER_APPICON_NAME = AppIcon;
				ASSETCATALOG_COMPILER_GLOBAL_ACCENT_COLOR_NAME = AccentColor;
				CODE_SIGN_ENTITLEMENTS = MyBlog/MyBlog.entitlements;
				CODE_SIGN_STYLE = Automatic;
				CURRENT_PROJECT_VERSION = 1;
				DEVELOPMENT_ASSET_PATHS = "\"MyBlog/Preview Content\"";
				DEVELOPMENT_TEAM = F5SNH459WD;
				ENABLE_HARDENED_RUNTIME = YES;
				ENABLE_PREVIEWS = YES;
				GENERATE_INFOPLIST_FILE = YES;
				"INFOPLIST_KEY_UIApplicationSceneManifest_Generation[sdk=iphoneos*]" = YES;
				"INFOPLIST_KEY_UIApplicationSceneManifest_Generation[sdk=iphonesimulator*]" = YES;
				"INFOPLIST_KEY_UIApplicationSupportsIndirectInputEvents[sdk=iphoneos*]" = YES;
				"INFOPLIST_KEY_UIApplicationSupportsIndirectInputEvents[sdk=iphonesimulator*]" = YES;
				"INFOPLIST_KEY_UILaunchScreen_Generation[sdk=iphoneos*]" = YES;
				"INFOPLIST_KEY_UILaunchScreen_Generation[sdk=iphonesimulator*]" = YES;
				"INFOPLIST_KEY_UIStatusBarStyle[sdk=iphoneos*]" = UIStatusBarStyleDefault;
				"INFOPLIST_KEY_UIStatusBarStyle[sdk=iphonesimulator*]" = UIStatusBarStyleDefault;
				INFOPLIST_KEY_UISupportedInterfaceOrientations_iPad = "UIInterfaceOrientationPortrait UIInterfaceOrientationPortraitUpsideDown UIInterfaceOrientationLandscapeLeft UIInterfaceOrientationLandscapeRight";
				INFOPLIST_KEY_UISupportedInterfaceOrientations_iPhone = "UIInterfaceOrientationPortrait UIInterfaceOrientationLandscapeLeft UIInterfaceOrientationLandscapeRight";
				IPHONEOS_DEPLOYMENT_TARGET = 16.0;
				LD_RUNPATH_SEARCH_PATHS = "@executable_path/Frameworks";
				"LD_RUNPATH_SEARCH_PATHS[sdk=macosx*]" = "@executable_path/../Frameworks";
				MACOSX_DEPLOYMENT_TARGET = 12.3;
				MARKETING_VERSION = 1.0;
				PRODUCT_BUNDLE_IDENTIFIER = com.babyyoda777.MyBlog;
				PRODUCT_NAME = "$(TARGET_NAME)";
				SDKROOT = auto;
				SUPPORTED_PLATFORMS = "iphoneos iphonesimulator";
				SUPPORTS_MACCATALYST = NO;
				SUPPORTS_MAC_DESIGNED_FOR_IPHONE_IPAD = NO;
				SWIFT_EMIT_LOC_STRINGS = YES;
				SWIFT_VERSION = 5.0;
				TARGETED_DEVICE_FAMILY = "1,2";
			};
			name = Release;
		};
/* End XCBuildConfiguration section */

/* Begin XCConfigurationList section */
		BBDDB8F029084612000DC90B /* Build configuration list for PBXProject "MyBlog" */ = {
			isa = XCConfigurationList;
			buildConfigurations = (
				BBDDB90229084614000DC90B /* Debug */,
				BBDDB90329084614000DC90B /* Release */,
			);
			defaultConfigurationIsVisible = 0;
			defaultConfigurationName = Release;
		};
		BBDDB90429084614000DC90B /* Build configuration list for PBXNativeTarget "MyBlog" */ = {
			isa = XCConfigurationList;
			buildConfigurations = (
				BBDDB90529084614000DC90B /* Debug */,
				BBDDB90629084614000DC90B /* Release */,
			);
			defaultConfigurationIsVisible = 0;
			defaultConfigurationName = Release;
		};
/* End XCConfigurationList section */

/* Begin XCRemoteSwiftPackageReference section */
		BBDDB90729084652000DC90B /* XCRemoteSwiftPackageReference "contentful" */ = {
			isa = XCRemoteSwiftPackageReference;
			repositoryURL = "https://github.com/contentful/contentful.swift";
			requirement = {
				kind = upToNextMajorVersion;
				minimumVersion = 5.0.0;
			};
		};
		BBDDB90A29084687000DC90B /* XCRemoteSwiftPackageReference "SDWebImageSwiftUI" */ = {
			isa = XCRemoteSwiftPackageReference;
			repositoryURL = "https://github.com/SDWebImage/SDWebImageSwiftUI.git";
			requirement = {
				kind = upToNextMajorVersion;
				minimumVersion = 2.0.0;
			};
		};
/* End XCRemoteSwiftPackageReference section */

/* Begin XCSwiftPackageProductDependency section */
		BBDDB90829084652000DC90B /* Contentful */ = {
			isa = XCSwiftPackageProductDependency;
			package = BBDDB90729084652000DC90B /* XCRemoteSwiftPackageReference "contentful" */;
			productName = Contentful;
		};
		BBDDB90B29084687000DC90B /* SDWebImageSwiftUI */ = {
			isa = XCSwiftPackageProductDependency;
			package = BBDDB90A29084687000DC90B /* XCRemoteSwiftPackageReference "SDWebImageSwiftUI" */;
			productName = SDWebImageSwiftUI;
		};
/* End XCSwiftPackageProductDependency section */
	};
	rootObject = BBDDB8ED29084612000DC90B /* Project object */;
}
